// !$*UTF8*$!
{
	archiveVersion = 1;
	classes = {
	};
	objectVersion = 56;
	objects = {

/* Begin PBXBuildFile section */
		4FCC6DFB2B618F2F00843649 /* AppDelegate.swift in Sources */ = {isa = PBXBuildFile; fileRef = 4FCC6DFA2B618F2F00843649 /* AppDelegate.swift */; };
		4FCC6DFF2B618F2F00843649 /* LoginViewController.swift in Sources */ = {isa = PBXBuildFile; fileRef = 4FCC6DFE2B618F2F00843649 /* LoginViewController.swift */; };
		4FCC6E042B618F3100843649 /* Assets.xcassets in Resources */ = {isa = PBXBuildFile; fileRef = 4FCC6E032B618F3100843649 /* Assets.xcassets */; };
		4FCC6E072B618F3100843649 /* LaunchScreen.storyboard in Resources */ = {isa = PBXBuildFile; fileRef = 4FCC6E052B618F3100843649 /* LaunchScreen.storyboard */; };
		4FCC6E102B63F8F000843649 /* LoginView.swift in Sources */ = {isa = PBXBuildFile; fileRef = 4FCC6E0F2B63F8F000843649 /* LoginView.swift */; };
		BD45B71F2B688AA700DA7F4A /* DummyViewController.swift in Sources */ = {isa = PBXBuildFile; fileRef = BD45B71E2B688AA700DA7F4A /* DummyViewController.swift */; };
		BD45B7222B694D3500DA7F4A /* LocalState.swift in Sources */ = {isa = PBXBuildFile; fileRef = BD45B7212B694D3500DA7F4A /* LocalState.swift */; };
		BD922BE72B66C02E005D11F0 /* OnboardingContainerViewController.swift in Sources */ = {isa = PBXBuildFile; fileRef = BD922BE62B66C02E005D11F0 /* OnboardingContainerViewController.swift */; };
		BD922BE92B67235D005D11F0 /* OnboardingViewController.swift in Sources */ = {isa = PBXBuildFile; fileRef = BD922BE82B67235D005D11F0 /* OnboardingViewController.swift */; };
		BDE14D872B6AD91D00646553 /* UIViewControllerUtils.swift in Sources */ = {isa = PBXBuildFile; fileRef = BDE14D862B6AD91D00646553 /* UIViewControllerUtils.swift */; };
		BDE14D892B6AE40900646553 /* MainViewController.swift in Sources */ = {isa = PBXBuildFile; fileRef = BDE14D882B6AE40900646553 /* MainViewController.swift */; };
		BDE14D8C2B6B08E300646553 /* AccountSummaryViewController.swift in Sources */ = {isa = PBXBuildFile; fileRef = BDE14D8B2B6B08E300646553 /* AccountSummaryViewController.swift */; };
		BDE14DC82B6B13F400646553 /* AccountSummaryTableHeader.swift in Sources */ = {isa = PBXBuildFile; fileRef = BDE14DC72B6B13F400646553 /* AccountSummaryTableHeader.swift */; };
		BDE14DCA2B6C354100646553 /* AccountSummaryCell.swift in Sources */ = {isa = PBXBuildFile; fileRef = BDE14DC92B6C354100646553 /* AccountSummaryCell.swift */; };
/* End PBXBuildFile section */

/* Begin PBXFileReference section */
		4FCC6DF72B618F2F00843649 /* Bankey.app */ = {isa = PBXFileReference; explicitFileType = wrapper.application; includeInIndex = 0; path = Bankey.app; sourceTree = BUILT_PRODUCTS_DIR; };
		4FCC6DFA2B618F2F00843649 /* AppDelegate.swift */ = {isa = PBXFileReference; lastKnownFileType = sourcecode.swift; path = AppDelegate.swift; sourceTree = "<group>"; };
		4FCC6DFE2B618F2F00843649 /* LoginViewController.swift */ = {isa = PBXFileReference; lastKnownFileType = sourcecode.swift; path = LoginViewController.swift; sourceTree = "<group>"; };
		4FCC6E032B618F3100843649 /* Assets.xcassets */ = {isa = PBXFileReference; lastKnownFileType = folder.assetcatalog; path = Assets.xcassets; sourceTree = "<group>"; };
		4FCC6E062B618F3100843649 /* Base */ = {isa = PBXFileReference; lastKnownFileType = file.storyboard; name = Base; path = Base.lproj/LaunchScreen.storyboard; sourceTree = "<group>"; };
		4FCC6E082B618F3100843649 /* Info.plist */ = {isa = PBXFileReference; lastKnownFileType = text.plist.xml; path = Info.plist; sourceTree = "<group>"; };
		4FCC6E0F2B63F8F000843649 /* LoginView.swift */ = {isa = PBXFileReference; lastKnownFileType = sourcecode.swift; path = LoginView.swift; sourceTree = "<group>"; };
		BD45B71E2B688AA700DA7F4A /* DummyViewController.swift */ = {isa = PBXFileReference; lastKnownFileType = sourcecode.swift; path = DummyViewController.swift; sourceTree = "<group>"; };
		BD45B7212B694D3500DA7F4A /* LocalState.swift */ = {isa = PBXFileReference; lastKnownFileType = sourcecode.swift; path = LocalState.swift; sourceTree = "<group>"; };
		BD922BE62B66C02E005D11F0 /* OnboardingContainerViewController.swift */ = {isa = PBXFileReference; lastKnownFileType = sourcecode.swift; path = OnboardingContainerViewController.swift; sourceTree = "<group>"; };
		BD922BE82B67235D005D11F0 /* OnboardingViewController.swift */ = {isa = PBXFileReference; lastKnownFileType = sourcecode.swift; path = OnboardingViewController.swift; sourceTree = "<group>"; };
		BDE14D862B6AD91D00646553 /* UIViewControllerUtils.swift */ = {isa = PBXFileReference; lastKnownFileType = sourcecode.swift; path = UIViewControllerUtils.swift; sourceTree = "<group>"; };
		BDE14D882B6AE40900646553 /* MainViewController.swift */ = {isa = PBXFileReference; lastKnownFileType = sourcecode.swift; path = MainViewController.swift; sourceTree = "<group>"; };
		BDE14D8B2B6B08E300646553 /* AccountSummaryViewController.swift */ = {isa = PBXFileReference; lastKnownFileType = sourcecode.swift; path = AccountSummaryViewController.swift; sourceTree = "<group>"; };
		BDE14DC72B6B13F400646553 /* AccountSummaryTableHeader.swift */ = {isa = PBXFileReference; lastKnownFileType = sourcecode.swift; path = AccountSummaryTableHeader.swift; sourceTree = "<group>"; };
		BDE14DC92B6C354100646553 /* AccountSummaryCell.swift */ = {isa = PBXFileReference; lastKnownFileType = sourcecode.swift; path = AccountSummaryCell.swift; sourceTree = "<group>"; };
/* End PBXFileReference section */

/* Begin PBXFrameworksBuildPhase section */
		4FCC6DF42B618F2F00843649 /* Frameworks */ = {
			isa = PBXFrameworksBuildPhase;
			buildActionMask = 2147483647;
			files = (
			);
			runOnlyForDeploymentPostprocessing = 0;
		};
/* End PBXFrameworksBuildPhase section */

/* Begin PBXGroup section */
		4FCC6DEE2B618F2F00843649 = {
			isa = PBXGroup;
			children = (
				4FCC6DF92B618F2F00843649 /* Bankey */,
				4FCC6DF82B618F2F00843649 /* Products */,
			);
			sourceTree = "<group>";
		};
		4FCC6DF82B618F2F00843649 /* Products */ = {
			isa = PBXGroup;
			children = (
				4FCC6DF72B618F2F00843649 /* Bankey.app */,
			);
			name = Products;
			sourceTree = "<group>";
		};
		4FCC6DF92B618F2F00843649 /* Bankey */ = {
			isa = PBXGroup;
			children = (
				BDE14D8A2B6B08C800646553 /* AccountSummary */,
				BD45B7202B694D1200DA7F4A /* Utils */,
				BD922BE52B65FC97005D11F0 /* Onboarding */,
				4FCC6E0E2B63F8B700843649 /* Login */,
				4FCC6DFA2B618F2F00843649 /* AppDelegate.swift */,
				4FCC6E032B618F3100843649 /* Assets.xcassets */,
				4FCC6E052B618F3100843649 /* LaunchScreen.storyboard */,
				4FCC6E082B618F3100843649 /* Info.plist */,
				BDE14D882B6AE40900646553 /* MainViewController.swift */,
			);
			path = Bankey;
			sourceTree = "<group>";
		};
		4FCC6E0E2B63F8B700843649 /* Login */ = {
			isa = PBXGroup;
			children = (
				4FCC6DFE2B618F2F00843649 /* LoginViewController.swift */,
				4FCC6E0F2B63F8F000843649 /* LoginView.swift */,
				BD45B71E2B688AA700DA7F4A /* DummyViewController.swift */,
			);
			path = Login;
			sourceTree = "<group>";
		};
		BD45B7202B694D1200DA7F4A /* Utils */ = {
			isa = PBXGroup;
			children = (
				BD45B7212B694D3500DA7F4A /* LocalState.swift */,
				BDE14D862B6AD91D00646553 /* UIViewControllerUtils.swift */,
			);
			path = Utils;
			sourceTree = "<group>";
		};
		BD922BE52B65FC97005D11F0 /* Onboarding */ = {
			isa = PBXGroup;
			children = (
				BD922BE62B66C02E005D11F0 /* OnboardingContainerViewController.swift */,
				BD922BE82B67235D005D11F0 /* OnboardingViewController.swift */,
			);
			path = Onboarding;
			sourceTree = "<group>";
		};
		BDE14D8A2B6B08C800646553 /* AccountSummary */ = {
			isa = PBXGroup;
			children = (
				BDE14D8B2B6B08E300646553 /* AccountSummaryViewController.swift */,
				BDE14DC72B6B13F400646553 /* AccountSummaryTableHeader.swift */,
				BDE14DC92B6C354100646553 /* AccountSummaryCell.swift */,
			);
			path = AccountSummary;
			sourceTree = "<group>";
		};
/* End PBXGroup section */

/* Begin PBXNativeTarget section */
		4FCC6DF62B618F2F00843649 /* Bankey */ = {
			isa = PBXNativeTarget;
			buildConfigurationList = 4FCC6E0B2B618F3100843649 /* Build configuration list for PBXNativeTarget "Bankey" */;
			buildPhases = (
				4FCC6DF32B618F2F00843649 /* Sources */,
				4FCC6DF42B618F2F00843649 /* Frameworks */,
				4FCC6DF52B618F2F00843649 /* Resources */,
			);
			buildRules = (
			);
			dependencies = (
			);
			name = Bankey;
			productName = Bankey;
			productReference = 4FCC6DF72B618F2F00843649 /* Bankey.app */;
			productType = "com.apple.product-type.application";
		};
/* End PBXNativeTarget section */

/* Begin PBXProject section */
		4FCC6DEF2B618F2F00843649 /* Project object */ = {
			isa = PBXProject;
			attributes = {
				BuildIndependentTargetsInParallel = 1;
				LastSwiftUpdateCheck = 1520;
				LastUpgradeCheck = 1520;
				TargetAttributes = {
					4FCC6DF62B618F2F00843649 = {
						CreatedOnToolsVersion = 15.2;
					};
				};
			};
			buildConfigurationList = 4FCC6DF22B618F2F00843649 /* Build configuration list for PBXProject "Bankey" */;
			compatibilityVersion = "Xcode 14.0";
			developmentRegion = en;
			hasScannedForEncodings = 0;
			knownRegions = (
				en,
				Base,
			);
			mainGroup = 4FCC6DEE2B618F2F00843649;
			productRefGroup = 4FCC6DF82B618F2F00843649 /* Products */;
			projectDirPath = "";
			projectRoot = "";
			targets = (
				4FCC6DF62B618F2F00843649 /* Bankey */,
			);
		};
/* End PBXProject section */

/* Begin PBXResourcesBuildPhase section */
		4FCC6DF52B618F2F00843649 /* Resources */ = {
			isa = PBXResourcesBuildPhase;
			buildActionMask = 2147483647;
			files = (
				4FCC6E072B618F3100843649 /* LaunchScreen.storyboard in Resources */,
				4FCC6E042B618F3100843649 /* Assets.xcassets in Resources */,
			);
			runOnlyForDeploymentPostprocessing = 0;
		};
/* End PBXResourcesBuildPhase section */

/* Begin PBXSourcesBuildPhase section */
		4FCC6DF32B618F2F00843649 /* Sources */ = {
			isa = PBXSourcesBuildPhase;
			buildActionMask = 2147483647;
			files = (
				4FCC6E102B63F8F000843649 /* LoginView.swift in Sources */,
				BD45B7222B694D3500DA7F4A /* LocalState.swift in Sources */,
				BD45B71F2B688AA700DA7F4A /* DummyViewController.swift in Sources */,
				4FCC6DFF2B618F2F00843649 /* LoginViewController.swift in Sources */,
				BDE14D872B6AD91D00646553 /* UIViewControllerUtils.swift in Sources */,
				BD922BE92B67235D005D11F0 /* OnboardingViewController.swift in Sources */,
				BDE14DCA2B6C354100646553 /* AccountSummaryCell.swift in Sources */,
				BDE14D892B6AE40900646553 /* MainViewController.swift in Sources */,
				BDE14D8C2B6B08E300646553 /* AccountSummaryViewController.swift in Sources */,
				4FCC6DFB2B618F2F00843649 /* AppDelegate.swift in Sources */,
				BD922BE72B66C02E005D11F0 /* OnboardingContainerViewController.swift in Sources */,
				BDE14DC82B6B13F400646553 /* AccountSummaryTableHeader.swift in Sources */,
			);
			runOnlyForDeploymentPostprocessing = 0;
		};
/* End PBXSourcesBuildPhase section */

/* Begin PBXVariantGroup section */
		4FCC6E052B618F3100843649 /* LaunchScreen.storyboard */ = {
			isa = PBXVariantGroup;
			children = (
				4FCC6E062B618F3100843649 /* Base */,
			);
			name = LaunchScreen.storyboard;
			sourceTree = "<group>";
		};
/* End PBXVariantGroup section */

/* Begin XCBuildConfiguration section */
		4FCC6E092B618F3100843649 /* Debug */ = {
			isa = XCBuildConfiguration;
			buildSettings = {
				ALWAYS_SEARCH_USER_PATHS = NO;
				ASSETCATALOG_COMPILER_GENERATE_SWIFT_ASSET_SYMBOL_EXTENSIONS = YES;
				CLANG_ANALYZER_NONNULL = YES;
				CLANG_ANALYZER_NUMBER_OBJECT_CONVERSION = YES_AGGRESSIVE;
				CLANG_CXX_LANGUAGE_STANDARD = "gnu++20";
				CLANG_ENABLE_MODULES = YES;
				CLANG_ENABLE_OBJC_ARC = YES;
				CLANG_ENABLE_OBJC_WEAK = YES;
				CLANG_WARN_BLOCK_CAPTURE_AUTORELEASING = YES;
				CLANG_WARN_BOOL_CONVERSION = YES;
				CLANG_WARN_COMMA = YES;
				CLANG_WARN_CONSTANT_CONVERSION = YES;
				CLANG_WARN_DEPRECATED_OBJC_IMPLEMENTATIONS = YES;
				CLANG_WARN_DIRECT_OBJC_ISA_USAGE = YES_ERROR;
				CLANG_WARN_DOCUMENTATION_COMMENTS = YES;
				CLANG_WARN_EMPTY_BODY = YES;
				CLANG_WARN_ENUM_CONVERSION = YES;
				CLANG_WARN_INFINITE_RECURSION = YES;
				CLANG_WARN_INT_CONVERSION = YES;
				CLANG_WARN_NON_LITERAL_NULL_CONVERSION = YES;
				CLANG_WARN_OBJC_IMPLICIT_RETAIN_SELF = YES;
				CLANG_WARN_OBJC_LITERAL_CONVERSION = YES;
				CLANG_WARN_OBJC_ROOT_CLASS = YES_ERROR;
				CLANG_WARN_QUOTED_INCLUDE_IN_FRAMEWORK_HEADER = YES;
				CLANG_WARN_RANGE_LOOP_ANALYSIS = YES;
				CLANG_WARN_STRICT_PROTOTYPES = YES;
				CLANG_WARN_SUSPICIOUS_MOVE = YES;
				CLANG_WARN_UNGUARDED_AVAILABILITY = YES_AGGRESSIVE;
				CLANG_WARN_UNREACHABLE_CODE = YES;
				CLANG_WARN__DUPLICATE_METHOD_MATCH = YES;
				COPY_PHASE_STRIP = NO;
				DEBUG_INFORMATION_FORMAT = dwarf;
				ENABLE_STRICT_OBJC_MSGSEND = YES;
				ENABLE_TESTABILITY = YES;
				ENABLE_USER_SCRIPT_SANDBOXING = YES;
				GCC_C_LANGUAGE_STANDARD = gnu17;
				GCC_DYNAMIC_NO_PIC = NO;
				GCC_NO_COMMON_BLOCKS = YES;
				GCC_OPTIMIZATION_LEVEL = 0;
				GCC_PREPROCESSOR_DEFINITIONS = (
					"DEBUG=1",
					"$(inherited)",
				);
				GCC_WARN_64_TO_32_BIT_CONVERSION = YES;
				GCC_WARN_ABOUT_RETURN_TYPE = YES_ERROR;
				GCC_WARN_UNDECLARED_SELECTOR = YES;
				GCC_WARN_UNINITIALIZED_AUTOS = YES_AGGRESSIVE;
				GCC_WARN_UNUSED_FUNCTION = YES;
				GCC_WARN_UNUSED_VARIABLE = YES;
				IPHONEOS_DEPLOYMENT_TARGET = 17.2;
				LOCALIZATION_PREFERS_STRING_CATALOGS = YES;
				MTL_ENABLE_DEBUG_INFO = INCLUDE_SOURCE;
				MTL_FAST_MATH = YES;
				ONLY_ACTIVE_ARCH = YES;
				SDKROOT = iphoneos;
				SWIFT_ACTIVE_COMPILATION_CONDITIONS = "DEBUG $(inherited)";
				SWIFT_OPTIMIZATION_LEVEL = "-Onone";
			};
			name = Debug;
		};
		4FCC6E0A2B618F3100843649 /* Release */ = {
			isa = XCBuildConfiguration;
			buildSettings = {
				ALWAYS_SEARCH_USER_PATHS = NO;
				ASSETCATALOG_COMPILER_GENERATE_SWIFT_ASSET_SYMBOL_EXTENSIONS = YES;
				CLANG_ANALYZER_NONNULL = YES;
				CLANG_ANALYZER_NUMBER_OBJECT_CONVERSION = YES_AGGRESSIVE;
				CLANG_CXX_LANGUAGE_STANDARD = "gnu++20";
				CLANG_ENABLE_MODULES = YES;
				CLANG_ENABLE_OBJC_ARC = YES;
				CLANG_ENABLE_OBJC_WEAK = YES;
				CLANG_WARN_BLOCK_CAPTURE_AUTORELEASING = YES;
				CLANG_WARN_BOOL_CONVERSION = YES;
				CLANG_WARN_COMMA = YES;
				CLANG_WARN_CONSTANT_CONVERSION = YES;
				CLANG_WARN_DEPRECATED_OBJC_IMPLEMENTATIONS = YES;
				CLANG_WARN_DIRECT_OBJC_ISA_USAGE = YES_ERROR;
				CLANG_WARN_DOCUMENTATION_COMMENTS = YES;
				CLANG_WARN_EMPTY_BODY = YES;
				CLANG_WARN_ENUM_CONVERSION = YES;
				CLANG_WARN_INFINITE_RECURSION = YES;
				CLANG_WARN_INT_CONVERSION = YES;
				CLANG_WARN_NON_LITERAL_NULL_CONVERSION = YES;
				CLANG_WARN_OBJC_IMPLICIT_RETAIN_SELF = YES;
				CLANG_WARN_OBJC_LITERAL_CONVERSION = YES;
				CLANG_WARN_OBJC_ROOT_CLASS = YES_ERROR;
				CLANG_WARN_QUOTED_INCLUDE_IN_FRAMEWORK_HEADER = YES;
				CLANG_WARN_RANGE_LOOP_ANALYSIS = YES;
				CLANG_WARN_STRICT_PROTOTYPES = YES;
				CLANG_WARN_SUSPICIOUS_MOVE = YES;
				CLANG_WARN_UNGUARDED_AVAILABILITY = YES_AGGRESSIVE;
				CLANG_WARN_UNREACHABLE_CODE = YES;
				CLANG_WARN__DUPLICATE_METHOD_MATCH = YES;
				COPY_PHASE_STRIP = NO;
				DEBUG_INFORMATION_FORMAT = "dwarf-with-dsym";
				ENABLE_NS_ASSERTIONS = NO;
				ENABLE_STRICT_OBJC_MSGSEND = YES;
				ENABLE_USER_SCRIPT_SANDBOXING = YES;
				GCC_C_LANGUAGE_STANDARD = gnu17;
				GCC_NO_COMMON_BLOCKS = YES;
				GCC_WARN_64_TO_32_BIT_CONVERSION = YES;
				GCC_WARN_ABOUT_RETURN_TYPE = YES_ERROR;
				GCC_WARN_UNDECLARED_SELECTOR = YES;
				GCC_WARN_UNINITIALIZED_AUTOS = YES_AGGRESSIVE;
				GCC_WARN_UNUSED_FUNCTION = YES;
				GCC_WARN_UNUSED_VARIABLE = YES;
				IPHONEOS_DEPLOYMENT_TARGET = 17.2;
				LOCALIZATION_PREFERS_STRING_CATALOGS = YES;
				MTL_ENABLE_DEBUG_INFO = NO;
				MTL_FAST_MATH = YES;
				SDKROOT = iphoneos;
				SWIFT_COMPILATION_MODE = wholemodule;
				VALIDATE_PRODUCT = YES;
			};
			name = Release;
		};
		4FCC6E0C2B618F3100843649 /* Debug */ = {
			isa = XCBuildConfiguration;
			buildSettings = {
				ASSETCATALOG_COMPILER_APPICON_NAME = AppIcon;
				ASSETCATALOG_COMPILER_GLOBAL_ACCENT_COLOR_NAME = AccentColor;
				CODE_SIGN_STYLE = Automatic;
				CURRENT_PROJECT_VERSION = 1;
				DEVELOPMENT_TEAM = K2MTWAS982;
				GENERATE_INFOPLIST_FILE = YES;
				INFOPLIST_FILE = Bankey/Info.plist;
				INFOPLIST_KEY_UIApplicationSupportsIndirectInputEvents = YES;
				INFOPLIST_KEY_UILaunchStoryboardName = LaunchScreen;
				INFOPLIST_KEY_UISupportedInterfaceOrientations_iPad = "UIInterfaceOrientationPortrait UIInterfaceOrientationPortraitUpsideDown UIInterfaceOrientationLandscapeLeft UIInterfaceOrientationLandscapeRight";
				INFOPLIST_KEY_UISupportedInterfaceOrientations_iPhone = "UIInterfaceOrientationPortrait UIInterfaceOrientationLandscapeLeft UIInterfaceOrientationLandscapeRight";
				LD_RUNPATH_SEARCH_PATHS = (
					"$(inherited)",
					"@executable_path/Frameworks",
				);
				MARKETING_VERSION = 1.0;
				PRODUCT_BUNDLE_IDENTIFIER = io.wentz.Bankey;
				PRODUCT_NAME = "$(TARGET_NAME)";
				SWIFT_EMIT_LOC_STRINGS = YES;
				SWIFT_VERSION = 5.0;
				TARGETED_DEVICE_FAMILY = "1,2";
			};
			name = Debug;
		};
		4FCC6E0D2B618F3100843649 /* Release */ = {
			isa = XCBuildConfiguration;
			buildSettings = {
				ASSETCATALOG_COMPILER_APPICON_NAME = AppIcon;
				ASSETCATALOG_COMPILER_GLOBAL_ACCENT_COLOR_NAME = AccentColor;
				CODE_SIGN_STYLE = Automatic;
				CURRENT_PROJECT_VERSION = 1;
				DEVELOPMENT_TEAM = K2MTWAS982;
				GENERATE_INFOPLIST_FILE = YES;
				INFOPLIST_FILE = Bankey/Info.plist;
				INFOPLIST_KEY_UIApplicationSupportsIndirectInputEvents = YES;
				INFOPLIST_KEY_UILaunchStoryboardName = LaunchScreen;
				INFOPLIST_KEY_UISupportedInterfaceOrientations_iPad = "UIInterfaceOrientationPortrait UIInterfaceOrientationPortraitUpsideDown UIInterfaceOrientationLandscapeLeft UIInterfaceOrientationLandscapeRight";
				INFOPLIST_KEY_UISupportedInterfaceOrientations_iPhone = "UIInterfaceOrientationPortrait UIInterfaceOrientationLandscapeLeft UIInterfaceOrientationLandscapeRight";
				LD_RUNPATH_SEARCH_PATHS = (
					"$(inherited)",
					"@executable_path/Frameworks",
				);
				MARKETING_VERSION = 1.0;
				PRODUCT_BUNDLE_IDENTIFIER = io.wentz.Bankey;
				PRODUCT_NAME = "$(TARGET_NAME)";
				SWIFT_EMIT_LOC_STRINGS = YES;
				SWIFT_VERSION = 5.0;
				TARGETED_DEVICE_FAMILY = "1,2";
			};
			name = Release;
		};
/* End XCBuildConfiguration section */

/* Begin XCConfigurationList section */
		4FCC6DF22B618F2F00843649 /* Build configuration list for PBXProject "Bankey" */ = {
			isa = XCConfigurationList;
			buildConfigurations = (
				4FCC6E092B618F3100843649 /* Debug */,
				4FCC6E0A2B618F3100843649 /* Release */,
			);
			defaultConfigurationIsVisible = 0;
			defaultConfigurationName = Release;
		};
		4FCC6E0B2B618F3100843649 /* Build configuration list for PBXNativeTarget "Bankey" */ = {
			isa = XCConfigurationList;
			buildConfigurations = (
				4FCC6E0C2B618F3100843649 /* Debug */,
				4FCC6E0D2B618F3100843649 /* Release */,
			);
			defaultConfigurationIsVisible = 0;
			defaultConfigurationName = Release;
		};
/* End XCConfigurationList section */
	};
	rootObject = 4FCC6DEF2B618F2F00843649 /* Project object */;
}
